
Microsoft Visual Studio Solution File, Format Version 12.00
# Visual Studio Version 17
VisualStudioVersion = 17.14.36221.1 d17.14
MinimumVisualStudioVersion = 10.0.40219.1
Project("{FAE04EC0-301F-11D3-BF4B-00C04F79EFBC}") = "Company.G01.PL", "Company.G01.PL\Company.G01.PL.csproj", "{66DAC6FB-A6F7-440C-ACA4-E42ED43C70F1}"
EndProject
Project("{FAE04EC0-301F-11D3-BF4B-00C04F79EFBC}") = "Comoany.G01.DAL", "Comoany.G01.DAL\Comoany.G01.DAL.csproj", "{ED981DAB-FA97-443D-9A95-FF6DCEFF34F2}"
EndProject
Project("{FAE04EC0-301F-11D3-BF4B-00C04F79EFBC}") = "Company.G01.BLL", "Company.G01.BLL\Company.G01.BLL.csproj", "{8A0B3609-33BF-4EB9-B34D-6592074166BE}"
EndProject
Global
	GlobalSection(SolutionConfigurationPlatforms) = preSolution
		Debug|Any CPU = Debug|Any CPU
		Release|Any CPU = Release|Any CPU
	EndGlobalSection
	GlobalSection(ProjectConfigurationPlatforms) = postSolution
		{66DAC6FB-A6F7-440C-ACA4-E42ED43C70F1}.Debug|Any CPU.ActiveCfg = Debug|Any CPU
		{66DAC6FB-A6F7-440C-ACA4-E42ED43C70F1}.Debug|Any CPU.Build.0 = Debug|Any CPU
		{66DAC6FB-A6F7-440C-ACA4-E42ED43C70F1}.Release|Any CPU.ActiveCfg = Release|Any CPU
		{66DAC6FB-A6F7-440C-ACA4-E42ED43C70F1}.Release|Any CPU.Build.0 = Release|Any CPU
		{ED981DAB-FA97-443D-9A95-FF6DCEFF34F2}.Debug|Any CPU.ActiveCfg = Debug|Any CPU
		{ED981DAB-FA97-443D-9A95-FF6DCEFF34F2}.Debug|Any CPU.Build.0 = Debug|Any CPU
		{ED981DAB-FA97-443D-9A95-FF6DCEFF34F2}.Release|Any CPU.ActiveCfg = Release|Any CPU
		{ED981DAB-FA97-443D-9A95-FF6DCEFF34F2}.Release|Any CPU.Build.0 = Release|Any CPU
		{8A0B3609-33BF-4EB9-B34D-6592074166BE}.Debug|Any CPU.ActiveCfg = Debug|Any CPU
		{8A0B3609-33BF-4EB9-B34D-6592074166BE}.Debug|Any CPU.Build.0 = Debug|Any CPU
		{8A0B3609-33BF-4EB9-B34D-6592074166BE}.Release|Any CPU.ActiveCfg = Release|Any CPU
		{8A0B3609-33BF-4EB9-B34D-6592074166BE}.Release|Any CPU.Build.0 = Release|Any CPU
	EndGlobalSection
	GlobalSection(SolutionProperties) = preSolution
		HideSolutionNode = FALSE
	EndGlobalSection
	GlobalSection(ExtensibilityGlobals) = postSolution
		SolutionGuid = {755574ED-6BAC-4D07-81AB-3E639857B48D}
	EndGlobalSection
EndGlobal
